FORGE
  remote: https://forgeapi.puppetlabs.com
  specs:
    nanliu-staging (1.0.3)
    puppetlabs-apt (2.1.1)
      puppetlabs-stdlib (< 5.0.0, >= 4.5.0)
    puppetlabs-inifile (1.4.2)
    puppetlabs-mysql (3.6.0)
      nanliu-staging (~> 1.0)
      puppetlabs-stdlib (< 5.0.0, >= 3.2.0)
    puppetlabs-stdlib (4.8.0)

DEPENDENCIES
  puppetlabs-apt (>= 0)
  puppetlabs-inifile (>= 0)
  puppetlabs-mysql (>= 0)

